
Microsoft Visual Studio Solution File, Format Version 11.00
# Visual C# Express 2010
Project("{FAE04EC0-301F-11D3-BF4B-00C04F79EFBC}") = "MethodsNamespacesAndClasses", "MethodsNamespacesAndClasses\MethodsNamespacesAndClasses.csproj", "{B301C66C-F2F8-4C8C-BCB4-BB8EB7F43E44}"
EndProject
Global
	GlobalSection(SolutionConfigurationPlatforms) = preSolution
		Debug|x86 = Debug|x86
		Release|x86 = Release|x86
	EndGlobalSection
	GlobalSection(ProjectConfigurationPlatforms) = postSolution
		{B301C66C-F2F8-4C8C-BCB4-BB8EB7F43E44}.Debug|x86.ActiveCfg = Debug|x86
		{B301C66C-F2F8-4C8C-BCB4-BB8EB7F43E44}.Debug|x86.Build.0 = Debug|x86
		{B301C66C-F2F8-4C8C-BCB4-BB8EB7F43E44}.Release|x86.ActiveCfg = Release|x86
		{B301C66C-F2F8-4C8C-BCB4-BB8EB7F43E44}.Release|x86.Build.0 = Release|x86
	EndGlobalSection
	GlobalSection(SolutionProperties) = preSolution
		HideSolutionNode = FALSE
	EndGlobalSection
EndGlobal
