
Microsoft Visual Studio Solution File, Format Version 11.00
# Visual Studio 2010
Project("{FAE04EC0-301F-11D3-BF4B-00C04F79EFBC}") = "NullableTypesAndNullCoalescingOperator", "NullableTypesAndNullCoalescingOperator\NullableTypesAndNullCoalescingOperator.csproj", "{491B3BEB-14AC-4957-B2A9-59E6B4F65AAF}"
EndProject
Global
	GlobalSection(SolutionConfigurationPlatforms) = preSolution
		Debug|x86 = Debug|x86
		Release|x86 = Release|x86
	EndGlobalSection
	GlobalSection(ProjectConfigurationPlatforms) = postSolution
		{491B3BEB-14AC-4957-B2A9-59E6B4F65AAF}.Debug|x86.ActiveCfg = Debug|x86
		{491B3BEB-14AC-4957-B2A9-59E6B4F65AAF}.Debug|x86.Build.0 = Debug|x86
		{491B3BEB-14AC-4957-B2A9-59E6B4F65AAF}.Release|x86.ActiveCfg = Release|x86
		{491B3BEB-14AC-4957-B2A9-59E6B4F65AAF}.Release|x86.Build.0 = Release|x86
	EndGlobalSection
	GlobalSection(SolutionProperties) = preSolution
		HideSolutionNode = FALSE
	EndGlobalSection
EndGlobal
